
Microsoft Visual Studio Solution File, Format Version 12.00
# Visual Studio Version 17
VisualStudioVersion = 17.6.33801.468
MinimumVisualStudioVersion = 10.0.40219.1
Project("{FAE04EC0-301F-11D3-BF4B-00C04F79EFBC}") = "TinhToan", "TinhToan\TinhToan.csproj", "{08F08FBA-24E6-4A0C-9336-3B0ED3B77C3B}"
EndProject
Global
	GlobalSection(SolutionConfigurationPlatforms) = preSolution
		Debug|Any CPU = Debug|Any CPU
		Release|Any CPU = Release|Any CPU
	EndGlobalSection
	GlobalSection(ProjectConfigurationPlatforms) = postSolution
		{08F08FBA-24E6-4A0C-9336-3B0ED3B77C3B}.Debug|Any CPU.ActiveCfg = Debug|Any CPU
		{08F08FBA-24E6-4A0C-9336-3B0ED3B77C3B}.Debug|Any CPU.Build.0 = Debug|Any CPU
		{08F08FBA-24E6-4A0C-9336-3B0ED3B77C3B}.Release|Any CPU.ActiveCfg = Release|Any CPU
		{08F08FBA-24E6-4A0C-9336-3B0ED3B77C3B}.Release|Any CPU.Build.0 = Release|Any CPU
	EndGlobalSection
	GlobalSection(SolutionProperties) = preSolution
		HideSolutionNode = FALSE
	EndGlobalSection
	GlobalSection(ExtensibilityGlobals) = postSolution
		SolutionGuid = {664562B4-1D9A-4D64-8C49-11D7E731C5A1}
	EndGlobalSection
EndGlobal
